// !$*UTF8*$!
{
	archiveVersion = 1;
	classes = {
	};
	objectVersion = 50;
	objects = {

/* Begin PBXBuildFile section */
		44BB7D743532C63483AE4066 /* libPods-FranksZooTests.a in Frameworks */ = {isa = PBXBuildFile; fileRef = F1D2B497C6F95FFB39BAF7E1 /* libPods-FranksZooTests.a */; };
		5A33404E221025EA009FF7D6 /* MultipeerCommands.swift in Sources */ = {isa = PBXBuildFile; fileRef = 5A33404D221025EA009FF7D6 /* MultipeerCommands.swift */; };
		5A33405022103C90009FF7D6 /* MultipeerGameViewController.swift in Sources */ = {isa = PBXBuildFile; fileRef = 5A33404F22103C90009FF7D6 /* MultipeerGameViewController.swift */; };
		5A341AFA21FDB6C800CAE2D7 /* GameDelegate.swift in Sources */ = {isa = PBXBuildFile; fileRef = 5A341AF921FDB6C800CAE2D7 /* GameDelegate.swift */; };
		5A341AFC21FDC18600CAE2D7 /* MainMenuViewController.swift in Sources */ = {isa = PBXBuildFile; fileRef = 5A341AFB21FDC18600CAE2D7 /* MainMenuViewController.swift */; };
		5A3445D5221D60EA005AC132 /* MoveInfo.swift in Sources */ = {isa = PBXBuildFile; fileRef = 5A3445D4221D60EA005AC132 /* MoveInfo.swift */; };
		5A34A859220EE98400E63575 /* JoinViewController.swift in Sources */ = {isa = PBXBuildFile; fileRef = 5A34A858220EE98400E63575 /* JoinViewController.swift */; };
		5A34C93D2233AF3F00DC6934 /* HelpParts.swift in Sources */ = {isa = PBXBuildFile; fileRef = 5A34C93C2233AF3F00DC6934 /* HelpParts.swift */; };
		5A34E9F12201BB2E001CB149 /* TouchGestureRecognizer.swift in Sources */ = {isa = PBXBuildFile; fileRef = 5A34E9F02201BB2E001CB149 /* TouchGestureRecognizer.swift */; };
		5A363069222BEF7A00E6363B /* HelpGameViewController.swift in Sources */ = {isa = PBXBuildFile; fileRef = 5A363068222BEF7A00E6363B /* HelpGameViewController.swift */; };
		5A36494A221B35B50099F746 /* GillSans.ttc in Resources */ = {isa = PBXBuildFile; fileRef = 5A364949221B35B40099F746 /* GillSans.ttc */; };
		5A36AD552222A030005FC649 /* GameViewControllerBase.swift in Sources */ = {isa = PBXBuildFile; fileRef = 5A36AD542222A030005FC649 /* GameViewControllerBase.swift */; };
		5A36F4BE220E1E7100B7FCB0 /* HostViewController.swift in Sources */ = {isa = PBXBuildFile; fileRef = 5A36F4BD220E1E7100B7FCB0 /* HostViewController.swift */; };
		5A39C4552218020C00D54B2C /* GameInfo.swift in Sources */ = {isa = PBXBuildFile; fileRef = 5A39C4542218020C00D54B2C /* GameInfo.swift */; };
		5A3E8C3022398B0A00ECBFFF /* TutorialPart.swift in Sources */ = {isa = PBXBuildFile; fileRef = 5A3E8C2F22398B0A00ECBFFF /* TutorialPart.swift */; };
		5A43BD63213A8A1D001B918E /* AppDelegate.swift in Sources */ = {isa = PBXBuildFile; fileRef = 5A43BD62213A8A1D001B918E /* AppDelegate.swift */; };
		5A43BD65213A8A1D001B918E /* GameViewController.swift in Sources */ = {isa = PBXBuildFile; fileRef = 5A43BD64213A8A1D001B918E /* GameViewController.swift */; };
		5A43BD68213A8A1D001B918E /* Main.storyboard in Resources */ = {isa = PBXBuildFile; fileRef = 5A43BD66213A8A1D001B918E /* Main.storyboard */; };
		5A43BD6A213A8A20001B918E /* Assets.xcassets in Resources */ = {isa = PBXBuildFile; fileRef = 5A43BD69213A8A20001B918E /* Assets.xcassets */; };
		5A43BD6D213A8A20001B918E /* LaunchScreen.storyboard in Resources */ = {isa = PBXBuildFile; fileRef = 5A43BD6B213A8A20001B918E /* LaunchScreen.storyboard */; };
		5A43BD75213A9331001B918E /* Card.swift in Sources */ = {isa = PBXBuildFile; fileRef = 5A43BD74213A9330001B918E /* Card.swift */; };
		5A43BD77213AA5AE001B918E /* Move.swift in Sources */ = {isa = PBXBuildFile; fileRef = 5A43BD76213AA5AD001B918E /* Move.swift */; };
		5A43BD79213AA5DD001B918E /* Hand.swift in Sources */ = {isa = PBXBuildFile; fileRef = 5A43BD78213AA5DD001B918E /* Hand.swift */; };
		5A43BD7B213AC01E001B918E /* FluentInterface.swift in Sources */ = {isa = PBXBuildFile; fileRef = 5A43BD7A213AC01D001B918E /* FluentInterface.swift */; };
		5A43BD7D213B05CD001B918E /* Game.swift in Sources */ = {isa = PBXBuildFile; fileRef = 5A43BD7C213B05CD001B918E /* Game.swift */; };
		5A449354214E39610039F37E /* MoveDisplayerView.swift in Sources */ = {isa = PBXBuildFile; fileRef = 5A449353214E39610039F37E /* MoveDisplayerView.swift */; };
		5A45882A215F7F81005451F5 /* Helpers.swift in Sources */ = {isa = PBXBuildFile; fileRef = 5A458829215F7F81005451F5 /* Helpers.swift */; };
		5A45882C215F85AD005451F5 /* GameAI.swift in Sources */ = {isa = PBXBuildFile; fileRef = 5A45882B215F85AD005451F5 /* GameAI.swift */; };
		5A4D5808213BE12300F9C64E /* FranksZooTests.swift in Sources */ = {isa = PBXBuildFile; fileRef = 5A4D5807213BE12300F9C64E /* FranksZooTests.swift */; };
		5A827FFC2143EDAA00E0BD41 /* CardCell.swift in Sources */ = {isa = PBXBuildFile; fileRef = 5A827FFB2143EDAA00E0BD41 /* CardCell.swift */; };
		5AB45F44213D6E4300A45D3F /* OpponentsHandView.swift in Sources */ = {isa = PBXBuildFile; fileRef = 5AB45F43213D6E4300A45D3F /* OpponentsHandView.swift */; };
		F26AE06ACAD170F7D4FA88C9 /* Pods_FranksZoo.framework in Frameworks */ = {isa = PBXBuildFile; fileRef = 6678C596C00963C6B145C5C5 /* Pods_FranksZoo.framework */; };
/* End PBXBuildFile section */

/* Begin PBXContainerItemProxy section */
		5A4D580A213BE12300F9C64E /* PBXContainerItemProxy */ = {
			isa = PBXContainerItemProxy;
			containerPortal = 5A43BD57213A8A1D001B918E /* Project object */;
			proxyType = 1;
			remoteGlobalIDString = 5A43BD5E213A8A1D001B918E;
			remoteInfo = FranksZoo;
		};
/* End PBXContainerItemProxy section */

/* Begin PBXFileReference section */
		4CB7DC224673ED569E271A23 /* Pods-FranksZoo.debug.xcconfig */ = {isa = PBXFileReference; includeInIndex = 1; lastKnownFileType = text.xcconfig; name = "Pods-FranksZoo.debug.xcconfig"; path = "Pods/Target Support Files/Pods-FranksZoo/Pods-FranksZoo.debug.xcconfig"; sourceTree = "<group>"; };
		4D830F3DC04D3ADBEC8E0E17 /* Pods-FranksZooTests.debug.xcconfig */ = {isa = PBXFileReference; includeInIndex = 1; lastKnownFileType = text.xcconfig; name = "Pods-FranksZooTests.debug.xcconfig"; path = "Pods/Target Support Files/Pods-FranksZooTests/Pods-FranksZooTests.debug.xcconfig"; sourceTree = "<group>"; };
		5A33404D221025EA009FF7D6 /* MultipeerCommands.swift */ = {isa = PBXFileReference; lastKnownFileType = sourcecode.swift; path = MultipeerCommands.swift; sourceTree = "<group>"; };
		5A33404F22103C90009FF7D6 /* MultipeerGameViewController.swift */ = {isa = PBXFileReference; lastKnownFileType = sourcecode.swift; path = MultipeerGameViewController.swift; sourceTree = "<group>"; };
		5A341AF921FDB6C800CAE2D7 /* GameDelegate.swift */ = {isa = PBXFileReference; lastKnownFileType = sourcecode.swift; path = GameDelegate.swift; sourceTree = "<group>"; };
		5A341AFB21FDC18600CAE2D7 /* MainMenuViewController.swift */ = {isa = PBXFileReference; lastKnownFileType = sourcecode.swift; path = MainMenuViewController.swift; sourceTree = "<group>"; };
		5A3445D4221D60EA005AC132 /* MoveInfo.swift */ = {isa = PBXFileReference; lastKnownFileType = sourcecode.swift; path = MoveInfo.swift; sourceTree = "<group>"; };
		5A3445D6221DDB45005AC132 /* AnimationSugar.framework */ = {isa = PBXFileReference; explicitFileType = wrapper.framework; path = AnimationSugar.framework; sourceTree = BUILT_PRODUCTS_DIR; };
		5A3445D8221DDB45005AC132 /* DynamicColor.framework */ = {isa = PBXFileReference; explicitFileType = wrapper.framework; path = DynamicColor.framework; sourceTree = BUILT_PRODUCTS_DIR; };
		5A3445DA221DDB45005AC132 /* EZLoadingActivity.framework */ = {isa = PBXFileReference; explicitFileType = wrapper.framework; path = EZLoadingActivity.framework; sourceTree = BUILT_PRODUCTS_DIR; };
		5A3445DC221DDB45005AC132 /* FSPagerView.framework */ = {isa = PBXFileReference; explicitFileType = wrapper.framework; path = FSPagerView.framework; sourceTree = BUILT_PRODUCTS_DIR; };
		5A3445DE221DDB45005AC132 /* RxCocoa.framework */ = {isa = PBXFileReference; explicitFileType = wrapper.framework; path = RxCocoa.framework; sourceTree = BUILT_PRODUCTS_DIR; };
		5A3445E0221DDB45005AC132 /* RxSwift.framework */ = {isa = PBXFileReference; explicitFileType = wrapper.framework; path = RxSwift.framework; sourceTree = BUILT_PRODUCTS_DIR; };
		5A3445E2221DDB45005AC132 /* SCLAlertView.framework */ = {isa = PBXFileReference; explicitFileType = wrapper.framework; path = SCLAlertView.framework; sourceTree = BUILT_PRODUCTS_DIR; };
		5A3445E4221DDB45005AC132 /* SnapKit.framework */ = {isa = PBXFileReference; explicitFileType = wrapper.framework; path = SnapKit.framework; sourceTree = BUILT_PRODUCTS_DIR; };
		5A3445E6221DDB45005AC132 /* SwiftRandom.framework */ = {isa = PBXFileReference; explicitFileType = wrapper.framework; path = SwiftRandom.framework; sourceTree = BUILT_PRODUCTS_DIR; };
		5A3445E8221DDB45005AC132 /* SwiftyButton.framework */ = {isa = PBXFileReference; explicitFileType = wrapper.framework; path = SwiftyButton.framework; sourceTree = BUILT_PRODUCTS_DIR; };
		5A3445EA221DDB45005AC132 /* SwiftyUtils.framework */ = {isa = PBXFileReference; explicitFileType = wrapper.framework; path = SwiftyUtils.framework; sourceTree = BUILT_PRODUCTS_DIR; };
		5A34A858220EE98400E63575 /* JoinViewController.swift */ = {isa = PBXFileReference; lastKnownFileType = sourcecode.swift; path = JoinViewController.swift; sourceTree = "<group>"; };
		5A34C93C2233AF3F00DC6934 /* HelpParts.swift */ = {isa = PBXFileReference; lastKnownFileType = sourcecode.swift; path = HelpParts.swift; sourceTree = "<group>"; };
		5A34E9F02201BB2E001CB149 /* TouchGestureRecognizer.swift */ = {isa = PBXFileReference; lastKnownFileType = sourcecode.swift; path = TouchGestureRecognizer.swift; sourceTree = "<group>"; };
		5A363068222BEF7A00E6363B /* HelpGameViewController.swift */ = {isa = PBXFileReference; lastKnownFileType = sourcecode.swift; path = HelpGameViewController.swift; sourceTree = "<group>"; };
		5A364949221B35B40099F746 /* GillSans.ttc */ = {isa = PBXFileReference; lastKnownFileType = file; path = GillSans.ttc; sourceTree = "<group>"; };
		5A36AD542222A030005FC649 /* GameViewControllerBase.swift */ = {isa = PBXFileReference; lastKnownFileType = sourcecode.swift; path = GameViewControllerBase.swift; sourceTree = "<group>"; };
		5A36F4BD220E1E7100B7FCB0 /* HostViewController.swift */ = {isa = PBXFileReference; lastKnownFileType = sourcecode.swift; path = HostViewController.swift; sourceTree = "<group>"; };
		5A39C4542218020C00D54B2C /* GameInfo.swift */ = {isa = PBXFileReference; lastKnownFileType = sourcecode.swift; path = GameInfo.swift; sourceTree = "<group>"; };
		5A3E8C2F22398B0A00ECBFFF /* TutorialPart.swift */ = {isa = PBXFileReference; lastKnownFileType = sourcecode.swift; path = TutorialPart.swift; sourceTree = "<group>"; };
		5A43BD5F213A8A1D001B918E /* FranksZoo.app */ = {isa = PBXFileReference; explicitFileType = wrapper.application; includeInIndex = 0; path = FranksZoo.app; sourceTree = BUILT_PRODUCTS_DIR; };
		5A43BD62213A8A1D001B918E /* AppDelegate.swift */ = {isa = PBXFileReference; lastKnownFileType = sourcecode.swift; path = AppDelegate.swift; sourceTree = "<group>"; };
		5A43BD64213A8A1D001B918E /* GameViewController.swift */ = {isa = PBXFileReference; lastKnownFileType = sourcecode.swift; path = GameViewController.swift; sourceTree = "<group>"; };
		5A43BD67213A8A1D001B918E /* Base */ = {isa = PBXFileReference; lastKnownFileType = file.storyboard; name = Base; path = Base.lproj/Main.storyboard; sourceTree = "<group>"; };
		5A43BD69213A8A20001B918E /* Assets.xcassets */ = {isa = PBXFileReference; lastKnownFileType = folder.assetcatalog; path = Assets.xcassets; sourceTree = "<group>"; };
		5A43BD6C213A8A20001B918E /* Base */ = {isa = PBXFileReference; lastKnownFileType = file.storyboard; name = Base; path = Base.lproj/LaunchScreen.storyboard; sourceTree = "<group>"; };
		5A43BD6E213A8A20001B918E /* Info.plist */ = {isa = PBXFileReference; lastKnownFileType = text.plist.xml; path = Info.plist; sourceTree = "<group>"; };
		5A43BD74213A9330001B918E /* Card.swift */ = {isa = PBXFileReference; lastKnownFileType = sourcecode.swift; path = Card.swift; sourceTree = "<group>"; };
		5A43BD76213AA5AD001B918E /* Move.swift */ = {isa = PBXFileReference; lastKnownFileType = sourcecode.swift; path = Move.swift; sourceTree = "<group>"; };
		5A43BD78213AA5DD001B918E /* Hand.swift */ = {isa = PBXFileReference; lastKnownFileType = sourcecode.swift; path = Hand.swift; sourceTree = "<group>"; };
		5A43BD7A213AC01D001B918E /* FluentInterface.swift */ = {isa = PBXFileReference; lastKnownFileType = sourcecode.swift; path = FluentInterface.swift; sourceTree = "<group>"; };
		5A43BD7C213B05CD001B918E /* Game.swift */ = {isa = PBXFileReference; lastKnownFileType = sourcecode.swift; path = Game.swift; sourceTree = "<group>"; };
		5A449353214E39610039F37E /* MoveDisplayerView.swift */ = {isa = PBXFileReference; lastKnownFileType = sourcecode.swift; path = MoveDisplayerView.swift; sourceTree = "<group>"; };
		5A458829215F7F81005451F5 /* Helpers.swift */ = {isa = PBXFileReference; lastKnownFileType = sourcecode.swift; path = Helpers.swift; sourceTree = "<group>"; };
		5A45882B215F85AD005451F5 /* GameAI.swift */ = {isa = PBXFileReference; lastKnownFileType = sourcecode.swift; path = GameAI.swift; sourceTree = "<group>"; };
		5A4D5805213BE12300F9C64E /* FranksZooTests.xctest */ = {isa = PBXFileReference; explicitFileType = wrapper.cfbundle; includeInIndex = 0; path = FranksZooTests.xctest; sourceTree = BUILT_PRODUCTS_DIR; };
		5A4D5807213BE12300F9C64E /* FranksZooTests.swift */ = {isa = PBXFileReference; lastKnownFileType = sourcecode.swift; path = FranksZooTests.swift; sourceTree = "<group>"; };
		5A4D5809213BE12300F9C64E /* Info.plist */ = {isa = PBXFileReference; lastKnownFileType = text.plist.xml; path = Info.plist; sourceTree = "<group>"; };
		5A827FFB2143EDAA00E0BD41 /* CardCell.swift */ = {isa = PBXFileReference; lastKnownFileType = sourcecode.swift; path = CardCell.swift; sourceTree = "<group>"; };
		5AB45F43213D6E4300A45D3F /* OpponentsHandView.swift */ = {isa = PBXFileReference; lastKnownFileType = sourcecode.swift; path = OpponentsHandView.swift; sourceTree = "<group>"; };
		6678C596C00963C6B145C5C5 /* Pods_FranksZoo.framework */ = {isa = PBXFileReference; explicitFileType = wrapper.framework; includeInIndex = 0; path = Pods_FranksZoo.framework; sourceTree = BUILT_PRODUCTS_DIR; };
		7A196DE59E7D8A3F79EA74FF /* Pods-FranksZoo.release.xcconfig */ = {isa = PBXFileReference; includeInIndex = 1; lastKnownFileType = text.xcconfig; name = "Pods-FranksZoo.release.xcconfig"; path = "Pods/Target Support Files/Pods-FranksZoo/Pods-FranksZoo.release.xcconfig"; sourceTree = "<group>"; };
		904D7C247F9754AD9DA8BEAE /* Pods-FranksZooTests.release.xcconfig */ = {isa = PBXFileReference; includeInIndex = 1; lastKnownFileType = text.xcconfig; name = "Pods-FranksZooTests.release.xcconfig"; path = "Pods/Target Support Files/Pods-FranksZooTests/Pods-FranksZooTests.release.xcconfig"; sourceTree = "<group>"; };
		F1D2B497C6F95FFB39BAF7E1 /* libPods-FranksZooTests.a */ = {isa = PBXFileReference; explicitFileType = archive.ar; includeInIndex = 0; path = "libPods-FranksZooTests.a"; sourceTree = BUILT_PRODUCTS_DIR; };
/* End PBXFileReference section */

/* Begin PBXFrameworksBuildPhase section */
		5A43BD5C213A8A1D001B918E /* Frameworks */ = {
			isa = PBXFrameworksBuildPhase;
			buildActionMask = 2147483647;
			files = (
				F26AE06ACAD170F7D4FA88C9 /* Pods_FranksZoo.framework in Frameworks */,
			);
			runOnlyForDeploymentPostprocessing = 0;
		};
		5A4D5802213BE12300F9C64E /* Frameworks */ = {
			isa = PBXFrameworksBuildPhase;
			buildActionMask = 2147483647;
			files = (
				44BB7D743532C63483AE4066 /* libPods-FranksZooTests.a in Frameworks */,
			);
			runOnlyForDeploymentPostprocessing = 0;
		};
/* End PBXFrameworksBuildPhase section */

/* Begin PBXGroup section */
		02310F36B88AF463D14955B1 /* Pods */ = {
			isa = PBXGroup;
			children = (
				4CB7DC224673ED569E271A23 /* Pods-FranksZoo.debug.xcconfig */,
				7A196DE59E7D8A3F79EA74FF /* Pods-FranksZoo.release.xcconfig */,
				4D830F3DC04D3ADBEC8E0E17 /* Pods-FranksZooTests.debug.xcconfig */,
				904D7C247F9754AD9DA8BEAE /* Pods-FranksZooTests.release.xcconfig */,
			);
			name = Pods;
			sourceTree = "<group>";
		};
		05A78F618D93BDEFED063470 /* Frameworks */ = {
			isa = PBXGroup;
			children = (
				5A3445D6221DDB45005AC132 /* AnimationSugar.framework */,
				5A3445D8221DDB45005AC132 /* DynamicColor.framework */,
				5A3445DA221DDB45005AC132 /* EZLoadingActivity.framework */,
				5A3445DC221DDB45005AC132 /* FSPagerView.framework */,
				5A3445DE221DDB45005AC132 /* RxCocoa.framework */,
				5A3445E0221DDB45005AC132 /* RxSwift.framework */,
				5A3445E2221DDB45005AC132 /* SCLAlertView.framework */,
				5A3445E4221DDB45005AC132 /* SnapKit.framework */,
				5A3445E6221DDB45005AC132 /* SwiftRandom.framework */,
				5A3445E8221DDB45005AC132 /* SwiftyButton.framework */,
				5A3445EA221DDB45005AC132 /* SwiftyUtils.framework */,
				6678C596C00963C6B145C5C5 /* Pods_FranksZoo.framework */,
				F1D2B497C6F95FFB39BAF7E1 /* libPods-FranksZooTests.a */,
			);
			name = Frameworks;
			sourceTree = "<group>";
		};
		5A43BD56213A8A1D001B918E = {
			isa = PBXGroup;
			children = (
				5A43BD61213A8A1D001B918E /* FranksZoo */,
				5A4D5806213BE12300F9C64E /* FranksZooTests */,
				5A43BD60213A8A1D001B918E /* Products */,
				02310F36B88AF463D14955B1 /* Pods */,
				05A78F618D93BDEFED063470 /* Frameworks */,
			);
			sourceTree = "<group>";
		};
		5A43BD60213A8A1D001B918E /* Products */ = {
			isa = PBXGroup;
			children = (
				5A43BD5F213A8A1D001B918E /* FranksZoo.app */,
				5A4D5805213BE12300F9C64E /* FranksZooTests.xctest */,
			);
			name = Products;
			sourceTree = "<group>";
		};
		5A43BD61213A8A1D001B918E /* FranksZoo */ = {
			isa = PBXGroup;
			children = (
				5A364949221B35B40099F746 /* GillSans.ttc */,
				5A43BD62213A8A1D001B918E /* AppDelegate.swift */,
				5A36AD542222A030005FC649 /* GameViewControllerBase.swift */,
				5A43BD64213A8A1D001B918E /* GameViewController.swift */,
				5A33404F22103C90009FF7D6 /* MultipeerGameViewController.swift */,
				5A363068222BEF7A00E6363B /* HelpGameViewController.swift */,
				5A3E8C2F22398B0A00ECBFFF /* TutorialPart.swift */,
				5A34C93C2233AF3F00DC6934 /* HelpParts.swift */,
				5A341AFB21FDC18600CAE2D7 /* MainMenuViewController.swift */,
				5A36F4BD220E1E7100B7FCB0 /* HostViewController.swift */,
				5A34A858220EE98400E63575 /* JoinViewController.swift */,
				5AB45F43213D6E4300A45D3F /* OpponentsHandView.swift */,
				5A827FFB2143EDAA00E0BD41 /* CardCell.swift */,
				5A449353214E39610039F37E /* MoveDisplayerView.swift */,
				5A43BD66213A8A1D001B918E /* Main.storyboard */,
				5A34E9F02201BB2E001CB149 /* TouchGestureRecognizer.swift */,
				5A43BD74213A9330001B918E /* Card.swift */,
				5A43BD76213AA5AD001B918E /* Move.swift */,
				5A43BD78213AA5DD001B918E /* Hand.swift */,
				5A43BD7C213B05CD001B918E /* Game.swift */,
				5A341AF921FDB6C800CAE2D7 /* GameDelegate.swift */,
				5A45882B215F85AD005451F5 /* GameAI.swift */,
				5A39C4542218020C00D54B2C /* GameInfo.swift */,
				5A3445D4221D60EA005AC132 /* MoveInfo.swift */,
				5A43BD7A213AC01D001B918E /* FluentInterface.swift */,
				5A458829215F7F81005451F5 /* Helpers.swift */,
				5A33404D221025EA009FF7D6 /* MultipeerCommands.swift */,
				5A43BD69213A8A20001B918E /* Assets.xcassets */,
				5A43BD6B213A8A20001B918E /* LaunchScreen.storyboard */,
				5A43BD6E213A8A20001B918E /* Info.plist */,
			);
			path = FranksZoo;
			sourceTree = "<group>";
		};
		5A4D5806213BE12300F9C64E /* FranksZooTests */ = {
			isa = PBXGroup;
			children = (
				5A4D5807213BE12300F9C64E /* FranksZooTests.swift */,
				5A4D5809213BE12300F9C64E /* Info.plist */,
			);
			path = FranksZooTests;
			sourceTree = "<group>";
		};
/* End PBXGroup section */

/* Begin PBXNativeTarget section */
		5A43BD5E213A8A1D001B918E /* FranksZoo */ = {
			isa = PBXNativeTarget;
			buildConfigurationList = 5A43BD71213A8A20001B918E /* Build configuration list for PBXNativeTarget "FranksZoo" */;
			buildPhases = (
				22215EB15801D18491901F10 /* [CP] Check Pods Manifest.lock */,
				5A43BD5B213A8A1D001B918E /* Sources */,
				5A43BD5C213A8A1D001B918E /* Frameworks */,
				5A43BD5D213A8A1D001B918E /* Resources */,
				1B4930911586CCA275C690AA /* [CP] Embed Pods Frameworks */,
			);
			buildRules = (
			);
			dependencies = (
			);
			name = FranksZoo;
			productName = FranksZoo;
			productReference = 5A43BD5F213A8A1D001B918E /* FranksZoo.app */;
			productType = "com.apple.product-type.application";
		};
		5A4D5804213BE12300F9C64E /* FranksZooTests */ = {
			isa = PBXNativeTarget;
			buildConfigurationList = 5A4D580E213BE12300F9C64E /* Build configuration list for PBXNativeTarget "FranksZooTests" */;
			buildPhases = (
				1B17AAB638F599421CCDCA40 /* [CP] Check Pods Manifest.lock */,
				5A4D5801213BE12300F9C64E /* Sources */,
				5A4D5802213BE12300F9C64E /* Frameworks */,
				5A4D5803213BE12300F9C64E /* Resources */,
			);
			buildRules = (
			);
			dependencies = (
				5A4D580B213BE12300F9C64E /* PBXTargetDependency */,
			);
			name = FranksZooTests;
			productName = FranksZooTests;
			productReference = 5A4D5805213BE12300F9C64E /* FranksZooTests.xctest */;
			productType = "com.apple.product-type.bundle.unit-test";
		};
/* End PBXNativeTarget section */

/* Begin PBXProject section */
		5A43BD57213A8A1D001B918E /* Project object */ = {
			isa = PBXProject;
			attributes = {
				LastSwiftUpdateCheck = 0930;
				LastUpgradeCheck = 0930;
				ORGANIZATIONNAME = "Mulang Su";
				TargetAttributes = {
					5A43BD5E213A8A1D001B918E = {
						CreatedOnToolsVersion = 9.3.1;
					};
					5A4D5804213BE12300F9C64E = {
						CreatedOnToolsVersion = 9.3.1;
						TestTargetID = 5A43BD5E213A8A1D001B918E;
					};
				};
			};
			buildConfigurationList = 5A43BD5A213A8A1D001B918E /* Build configuration list for PBXProject "FranksZoo" */;
			compatibilityVersion = "Xcode 9.3";
			developmentRegion = en;
			hasScannedForEncodings = 0;
			knownRegions = (
				en,
				Base,
			);
			mainGroup = 5A43BD56213A8A1D001B918E;
			productRefGroup = 5A43BD60213A8A1D001B918E /* Products */;
			projectDirPath = "";
			projectRoot = "";
			targets = (
				5A43BD5E213A8A1D001B918E /* FranksZoo */,
				5A4D5804213BE12300F9C64E /* FranksZooTests */,
			);
		};
/* End PBXProject section */

/* Begin PBXResourcesBuildPhase section */
		5A43BD5D213A8A1D001B918E /* Resources */ = {
			isa = PBXResourcesBuildPhase;
			buildActionMask = 2147483647;
			files = (
				5A43BD6D213A8A20001B918E /* LaunchScreen.storyboard in Resources */,
				5A43BD6A213A8A20001B918E /* Assets.xcassets in Resources */,
				5A36494A221B35B50099F746 /* GillSans.ttc in Resources */,
				5A43BD68213A8A1D001B918E /* Main.storyboard in Resources */,
			);
			runOnlyForDeploymentPostprocessing = 0;
		};
		5A4D5803213BE12300F9C64E /* Resources */ = {
			isa = PBXResourcesBuildPhase;
			buildActionMask = 2147483647;
			files = (
			);
			runOnlyForDeploymentPostprocessing = 0;
		};
/* End PBXResourcesBuildPhase section */

/* Begin PBXShellScriptBuildPhase section */
		1B17AAB638F599421CCDCA40 /* [CP] Check Pods Manifest.lock */ = {
			isa = PBXShellScriptBuildPhase;
			buildActionMask = 2147483647;
			files = (
			);
			inputPaths = (
				"${PODS_PODFILE_DIR_PATH}/Podfile.lock",
				"${PODS_ROOT}/Manifest.lock",
			);
			name = "[CP] Check Pods Manifest.lock";
			outputPaths = (
				"$(DERIVED_FILE_DIR)/Pods-FranksZooTests-checkManifestLockResult.txt",
			);
			runOnlyForDeploymentPostprocessing = 0;
			shellPath = /bin/sh;
			shellScript = "diff \"${PODS_PODFILE_DIR_PATH}/Podfile.lock\" \"${PODS_ROOT}/Manifest.lock\" > /dev/null\nif [ $? != 0 ] ; then\n    # print error to STDERR\n    echo \"error: The sandbox is not in sync with the Podfile.lock. Run 'pod install' or update your CocoaPods installation.\" >&2\n    exit 1\nfi\n# This output is used by Xcode 'outputs' to avoid re-running this script phase.\necho \"SUCCESS\" > \"${SCRIPT_OUTPUT_FILE_0}\"\n";
			showEnvVarsInLog = 0;
		};
		1B4930911586CCA275C690AA /* [CP] Embed Pods Frameworks */ = {
			isa = PBXShellScriptBuildPhase;
			buildActionMask = 2147483647;
			files = (
			);
			inputPaths = (
				"${SRCROOT}/Pods/Target Support Files/Pods-FranksZoo/Pods-FranksZoo-frameworks.sh",
				"${BUILT_PRODUCTS_DIR}/AnimationSugar/AnimationSugar.framework",
				"${BUILT_PRODUCTS_DIR}/DVITutorialView/DVITutorialView.framework",
				"${BUILT_PRODUCTS_DIR}/DynamicColor/DynamicColor.framework",
				"${BUILT_PRODUCTS_DIR}/EZLoadingActivity/EZLoadingActivity.framework",
				"${BUILT_PRODUCTS_DIR}/FSPagerView/FSPagerView.framework",
				"${BUILT_PRODUCTS_DIR}/RxCocoa/RxCocoa.framework",
				"${BUILT_PRODUCTS_DIR}/RxSwift/RxSwift.framework",
				"${BUILT_PRODUCTS_DIR}/SCLAlertView/SCLAlertView.framework",
				"${BUILT_PRODUCTS_DIR}/SnapKit/SnapKit.framework",
				"${BUILT_PRODUCTS_DIR}/SwiftRandom/SwiftRandom.framework",
				"${BUILT_PRODUCTS_DIR}/SwiftyButton/SwiftyButton.framework",
				"${BUILT_PRODUCTS_DIR}/SwiftyUtils-framework/SwiftyUtils.framework",
			);
			name = "[CP] Embed Pods Frameworks";
			outputPaths = (
				"${TARGET_BUILD_DIR}/${FRAMEWORKS_FOLDER_PATH}/AnimationSugar.framework",
				"${TARGET_BUILD_DIR}/${FRAMEWORKS_FOLDER_PATH}/DVITutorialView.framework",
				"${TARGET_BUILD_DIR}/${FRAMEWORKS_FOLDER_PATH}/DynamicColor.framework",
				"${TARGET_BUILD_DIR}/${FRAMEWORKS_FOLDER_PATH}/EZLoadingActivity.framework",
				"${TARGET_BUILD_DIR}/${FRAMEWORKS_FOLDER_PATH}/FSPagerView.framework",
				"${TARGET_BUILD_DIR}/${FRAMEWORKS_FOLDER_PATH}/RxCocoa.framework",
				"${TARGET_BUILD_DIR}/${FRAMEWORKS_FOLDER_PATH}/RxSwift.framework",
				"${TARGET_BUILD_DIR}/${FRAMEWORKS_FOLDER_PATH}/SCLAlertView.framework",
				"${TARGET_BUILD_DIR}/${FRAMEWORKS_FOLDER_PATH}/SnapKit.framework",
				"${TARGET_BUILD_DIR}/${FRAMEWORKS_FOLDER_PATH}/SwiftRandom.framework",
				"${TARGET_BUILD_DIR}/${FRAMEWORKS_FOLDER_PATH}/SwiftyButton.framework",
				"${TARGET_BUILD_DIR}/${FRAMEWORKS_FOLDER_PATH}/SwiftyUtils.framework",
			);
			runOnlyForDeploymentPostprocessing = 0;
			shellPath = /bin/sh;
			shellScript = "\"${SRCROOT}/Pods/Target Support Files/Pods-FranksZoo/Pods-FranksZoo-frameworks.sh\"\n";
			showEnvVarsInLog = 0;
		};
		22215EB15801D18491901F10 /* [CP] Check Pods Manifest.lock */ = {
			isa = PBXShellScriptBuildPhase;
			buildActionMask = 2147483647;
			files = (
			);
			inputPaths = (
				"${PODS_PODFILE_DIR_PATH}/Podfile.lock",
				"${PODS_ROOT}/Manifest.lock",
			);
			name = "[CP] Check Pods Manifest.lock";
			outputPaths = (
				"$(DERIVED_FILE_DIR)/Pods-FranksZoo-checkManifestLockResult.txt",
			);
			runOnlyForDeploymentPostprocessing = 0;
			shellPath = /bin/sh;
			shellScript = "diff \"${PODS_PODFILE_DIR_PATH}/Podfile.lock\" \"${PODS_ROOT}/Manifest.lock\" > /dev/null\nif [ $? != 0 ] ; then\n    # print error to STDERR\n    echo \"error: The sandbox is not in sync with the Podfile.lock. Run 'pod install' or update your CocoaPods installation.\" >&2\n    exit 1\nfi\n# This output is used by Xcode 'outputs' to avoid re-running this script phase.\necho \"SUCCESS\" > \"${SCRIPT_OUTPUT_FILE_0}\"\n";
			showEnvVarsInLog = 0;
		};
/* End PBXShellScriptBuildPhase section */

/* Begin PBXSourcesBuildPhase section */
		5A43BD5B213A8A1D001B918E /* Sources */ = {
			isa = PBXSourcesBuildPhase;
			buildActionMask = 2147483647;
			files = (
				5A363069222BEF7A00E6363B /* HelpGameViewController.swift in Sources */,
				5A36F4BE220E1E7100B7FCB0 /* HostViewController.swift in Sources */,
				5A34A859220EE98400E63575 /* JoinViewController.swift in Sources */,
				5A43BD77213AA5AE001B918E /* Move.swift in Sources */,
				5A43BD79213AA5DD001B918E /* Hand.swift in Sources */,
				5A3445D5221D60EA005AC132 /* MoveInfo.swift in Sources */,
				5A43BD7D213B05CD001B918E /* Game.swift in Sources */,
				5A45882C215F85AD005451F5 /* GameAI.swift in Sources */,
				5A3E8C3022398B0A00ECBFFF /* TutorialPart.swift in Sources */,
				5A34E9F12201BB2E001CB149 /* TouchGestureRecognizer.swift in Sources */,
				5A43BD65213A8A1D001B918E /* GameViewController.swift in Sources */,
				5A341AFC21FDC18600CAE2D7 /* MainMenuViewController.swift in Sources */,
				5A43BD7B213AC01E001B918E /* FluentInterface.swift in Sources */,
				5A36AD552222A030005FC649 /* GameViewControllerBase.swift in Sources */,
				5A43BD75213A9331001B918E /* Card.swift in Sources */,
				5A39C4552218020C00D54B2C /* GameInfo.swift in Sources */,
				5AB45F44213D6E4300A45D3F /* OpponentsHandView.swift in Sources */,
				5A43BD63213A8A1D001B918E /* AppDelegate.swift in Sources */,
				5A45882A215F7F81005451F5 /* Helpers.swift in Sources */,
				5A827FFC2143EDAA00E0BD41 /* CardCell.swift in Sources */,
				5A33405022103C90009FF7D6 /* MultipeerGameViewController.swift in Sources */,
				5A449354214E39610039F37E /* MoveDisplayerView.swift in Sources */,
				5A34C93D2233AF3F00DC6934 /* HelpParts.swift in Sources */,
				5A341AFA21FDB6C800CAE2D7 /* GameDelegate.swift in Sources */,
				5A33404E221025EA009FF7D6 /* MultipeerCommands.swift in Sources */,
			);
			runOnlyForDeploymentPostprocessing = 0;
		};
		5A4D5801213BE12300F9C64E /* Sources */ = {
			isa = PBXSourcesBuildPhase;
			buildActionMask = 2147483647;
			files = (
				5A4D5808213BE12300F9C64E /* FranksZooTests.swift in Sources */,
			);
			runOnlyForDeploymentPostprocessing = 0;
		};
/* End PBXSourcesBuildPhase section */

/* Begin PBXTargetDependency section */
		5A4D580B213BE12300F9C64E /* PBXTargetDependency */ = {
			isa = PBXTargetDependency;
			target = 5A43BD5E213A8A1D001B918E /* FranksZoo */;
			targetProxy = 5A4D580A213BE12300F9C64E /* PBXContainerItemProxy */;
		};
/* End PBXTargetDependency section */

/* Begin PBXVariantGroup section */
		5A43BD66213A8A1D001B918E /* Main.storyboard */ = {
			isa = PBXVariantGroup;
			children = (
				5A43BD67213A8A1D001B918E /* Base */,
			);
			name = Main.storyboard;
			sourceTree = "<group>";
		};
		5A43BD6B213A8A20001B918E /* LaunchScreen.storyboard */ = {
			isa = PBXVariantGroup;
			children = (
				5A43BD6C213A8A20001B918E /* Base */,
			);
			name = LaunchScreen.storyboard;
			sourceTree = "<group>";
		};
/* End PBXVariantGroup section */

/* Begin XCBuildConfiguration section */
		5A43BD6F213A8A20001B918E /* Debug */ = {
			isa = XCBuildConfiguration;
			buildSettings = {
				ALWAYS_SEARCH_USER_PATHS = NO;
				CLANG_ANALYZER_NONNULL = YES;
				CLANG_ANALYZER_NUMBER_OBJECT_CONVERSION = YES_AGGRESSIVE;
				CLANG_CXX_LANGUAGE_STANDARD = "gnu++14";
				CLANG_CXX_LIBRARY = "libc++";
				CLANG_ENABLE_MODULES = YES;
				CLANG_ENABLE_OBJC_ARC = YES;
				CLANG_ENABLE_OBJC_WEAK = YES;
				CLANG_WARN_BLOCK_CAPTURE_AUTORELEASING = YES;
				CLANG_WARN_BOOL_CONVERSION = YES;
				CLANG_WARN_COMMA = YES;
				CLANG_WARN_CONSTANT_CONVERSION = YES;
				CLANG_WARN_DEPRECATED_OBJC_IMPLEMENTATIONS = YES;
				CLANG_WARN_DIRECT_OBJC_ISA_USAGE = YES_ERROR;
				CLANG_WARN_DOCUMENTATION_COMMENTS = YES;
				CLANG_WARN_EMPTY_BODY = YES;
				CLANG_WARN_ENUM_CONVERSION = YES;
				CLANG_WARN_INFINITE_RECURSION = YES;
				CLANG_WARN_INT_CONVERSION = YES;
				CLANG_WARN_NON_LITERAL_NULL_CONVERSION = YES;
				CLANG_WARN_OBJC_IMPLICIT_RETAIN_SELF = YES;
				CLANG_WARN_OBJC_LITERAL_CONVERSION = YES;
				CLANG_WARN_OBJC_ROOT_CLASS = YES_ERROR;
				CLANG_WARN_RANGE_LOOP_ANALYSIS = YES;
				CLANG_WARN_STRICT_PROTOTYPES = YES;
				CLANG_WARN_SUSPICIOUS_MOVE = YES;
				CLANG_WARN_UNGUARDED_AVAILABILITY = YES_AGGRESSIVE;
				CLANG_WARN_UNREACHABLE_CODE = YES;
				CLANG_WARN__DUPLICATE_METHOD_MATCH = YES;
				CODE_SIGN_IDENTITY = "iPhone Developer";
				COPY_PHASE_STRIP = NO;
				DEBUG_INFORMATION_FORMAT = dwarf;
				ENABLE_STRICT_OBJC_MSGSEND = YES;
				ENABLE_TESTABILITY = YES;
				GCC_C_LANGUAGE_STANDARD = gnu11;
				GCC_DYNAMIC_NO_PIC = NO;
				GCC_NO_COMMON_BLOCKS = YES;
				GCC_OPTIMIZATION_LEVEL = 0;
				GCC_PREPROCESSOR_DEFINITIONS = (
					"DEBUG=1",
					"$(inherited)",
				);
				GCC_WARN_64_TO_32_BIT_CONVERSION = YES;
				GCC_WARN_ABOUT_RETURN_TYPE = YES_ERROR;
				GCC_WARN_UNDECLARED_SELECTOR = YES;
				GCC_WARN_UNINITIALIZED_AUTOS = YES_AGGRESSIVE;
				GCC_WARN_UNUSED_FUNCTION = YES;
				GCC_WARN_UNUSED_VARIABLE = YES;
				IPHONEOS_DEPLOYMENT_TARGET = 11.3;
				MTL_ENABLE_DEBUG_INFO = YES;
				ONLY_ACTIVE_ARCH = YES;
				SDKROOT = iphoneos;
				SWIFT_ACTIVE_COMPILATION_CONDITIONS = DEBUG;
				SWIFT_OPTIMIZATION_LEVEL = "-Onone";
			};
			name = Debug;
		};
		5A43BD70213A8A20001B918E /* Release */ = {
			isa = XCBuildConfiguration;
			buildSettings = {
				ALWAYS_SEARCH_USER_PATHS = NO;
				CLANG_ANALYZER_NONNULL = YES;
				CLANG_ANALYZER_NUMBER_OBJECT_CONVERSION = YES_AGGRESSIVE;
				CLANG_CXX_LANGUAGE_STANDARD = "gnu++14";
				CLANG_CXX_LIBRARY = "libc++";
				CLANG_ENABLE_MODULES = YES;
				CLANG_ENABLE_OBJC_ARC = YES;
				CLANG_ENABLE_OBJC_WEAK = YES;
				CLANG_WARN_BLOCK_CAPTURE_AUTORELEASING = YES;
				CLANG_WARN_BOOL_CONVERSION = YES;
				CLANG_WARN_COMMA = YES;
				CLANG_WARN_CONSTANT_CONVERSION = YES;
				CLANG_WARN_DEPRECATED_OBJC_IMPLEMENTATIONS = YES;
				CLANG_WARN_DIRECT_OBJC_ISA_USAGE = YES_ERROR;
				CLANG_WARN_DOCUMENTATION_COMMENTS = YES;
				CLANG_WARN_EMPTY_BODY = YES;
				CLANG_WARN_ENUM_CONVERSION = YES;
				CLANG_WARN_INFINITE_RECURSION = YES;
				CLANG_WARN_INT_CONVERSION = YES;
				CLANG_WARN_NON_LITERAL_NULL_CONVERSION = YES;
				CLANG_WARN_OBJC_IMPLICIT_RETAIN_SELF = YES;
				CLANG_WARN_OBJC_LITERAL_CONVERSION = YES;
				CLANG_WARN_OBJC_ROOT_CLASS = YES_ERROR;
				CLANG_WARN_RANGE_LOOP_ANALYSIS = YES;
				CLANG_WARN_STRICT_PROTOTYPES = YES;
				CLANG_WARN_SUSPICIOUS_MOVE = YES;
				CLANG_WARN_UNGUARDED_AVAILABILITY = YES_AGGRESSIVE;
				CLANG_WARN_UNREACHABLE_CODE = YES;
				CLANG_WARN__DUPLICATE_METHOD_MATCH = YES;
				CODE_SIGN_IDENTITY = "iPhone Developer";
				COPY_PHASE_STRIP = NO;
				DEBUG_INFORMATION_FORMAT = "dwarf-with-dsym";
				ENABLE_NS_ASSERTIONS = NO;
				ENABLE_STRICT_OBJC_MSGSEND = YES;
				GCC_C_LANGUAGE_STANDARD = gnu11;
				GCC_NO_COMMON_BLOCKS = YES;
				GCC_WARN_64_TO_32_BIT_CONVERSION = YES;
				GCC_WARN_ABOUT_RETURN_TYPE = YES_ERROR;
				GCC_WARN_UNDECLARED_SELECTOR = YES;
				GCC_WARN_UNINITIALIZED_AUTOS = YES_AGGRESSIVE;
				GCC_WARN_UNUSED_FUNCTION = YES;
				GCC_WARN_UNUSED_VARIABLE = YES;
				IPHONEOS_DEPLOYMENT_TARGET = 11.3;
				MTL_ENABLE_DEBUG_INFO = NO;
				SDKROOT = iphoneos;
				SWIFT_COMPILATION_MODE = wholemodule;
				SWIFT_OPTIMIZATION_LEVEL = "-O";
				VALIDATE_PRODUCT = YES;
			};
			name = Release;
		};
		5A43BD72213A8A20001B918E /* Debug */ = {
			isa = XCBuildConfiguration;
			baseConfigurationReference = 4CB7DC224673ED569E271A23 /* Pods-FranksZoo.debug.xcconfig */;
			buildSettings = {
				ASSETCATALOG_COMPILER_APPICON_NAME = AppIcon;
				CODE_SIGN_STYLE = Automatic;
				DEVELOPMENT_TEAM = E9MW74DJ4Y;
				INFOPLIST_FILE = FranksZoo/Info.plist;
				IPHONEOS_DEPLOYMENT_TARGET = 11.0;
				LD_RUNPATH_SEARCH_PATHS = (
					"$(inherited)",
					"@executable_path/Frameworks",
				);
				PRODUCT_BUNDLE_IDENTIFIER = io.github.sweeper777.FranksZoo;
				PRODUCT_NAME = "$(TARGET_NAME)";
				SWIFT_VERSION = 4.0;
				TARGETED_DEVICE_FAMILY = "1,2";
			};
			name = Debug;
		};
		5A43BD73213A8A20001B918E /* Release */ = {
			isa = XCBuildConfiguration;
			baseConfigurationReference = 7A196DE59E7D8A3F79EA74FF /* Pods-FranksZoo.release.xcconfig */;
			buildSettings = {
				ASSETCATALOG_COMPILER_APPICON_NAME = AppIcon;
				CODE_SIGN_STYLE = Automatic;
				DEVELOPMENT_TEAM = E9MW74DJ4Y;
				INFOPLIST_FILE = FranksZoo/Info.plist;
				IPHONEOS_DEPLOYMENT_TARGET = 11.0;
				LD_RUNPATH_SEARCH_PATHS = (
					"$(inherited)",
					"@executable_path/Frameworks",
				);
				PRODUCT_BUNDLE_IDENTIFIER = io.github.sweeper777.FranksZoo;
				PRODUCT_NAME = "$(TARGET_NAME)";
				SWIFT_VERSION = 4.0;
				TARGETED_DEVICE_FAMILY = "1,2";
			};
			name = Release;
		};
		5A4D580C213BE12300F9C64E /* Debug */ = {
			isa = XCBuildConfiguration;
			baseConfigurationReference = 4D830F3DC04D3ADBEC8E0E17 /* Pods-FranksZooTests.debug.xcconfig */;
			buildSettings = {
				BUNDLE_LOADER = "$(TEST_HOST)";
				CODE_SIGN_STYLE = Automatic;
				DEVELOPMENT_TEAM = E9MW74DJ4Y;
				INFOPLIST_FILE = FranksZooTests/Info.plist;
				LD_RUNPATH_SEARCH_PATHS = (
					"$(inherited)",
					"@executable_path/Frameworks",
					"@loader_path/Frameworks",
				);
				PRODUCT_BUNDLE_IDENTIFIER = io.github.sweeper777.FranksZooTests;
				PRODUCT_NAME = "$(TARGET_NAME)";
				SWIFT_VERSION = 4.0;
				TARGETED_DEVICE_FAMILY = "1,2";
				TEST_HOST = "$(BUILT_PRODUCTS_DIR)/FranksZoo.app/FranksZoo";
			};
			name = Debug;
		};
		5A4D580D213BE12300F9C64E /* Release */ = {
			isa = XCBuildConfiguration;
			baseConfigurationReference = 904D7C247F9754AD9DA8BEAE /* Pods-FranksZooTests.release.xcconfig */;
			buildSettings = {
				BUNDLE_LOADER = "$(TEST_HOST)";
				CODE_SIGN_STYLE = Automatic;
				DEVELOPMENT_TEAM = E9MW74DJ4Y;
				INFOPLIST_FILE = FranksZooTests/Info.plist;
				LD_RUNPATH_SEARCH_PATHS = (
					"$(inherited)",
					"@executable_path/Frameworks",
					"@loader_path/Frameworks",
				);
				PRODUCT_BUNDLE_IDENTIFIER = io.github.sweeper777.FranksZooTests;
				PRODUCT_NAME = "$(TARGET_NAME)";
				SWIFT_VERSION = 4.0;
				TARGETED_DEVICE_FAMILY = "1,2";
				TEST_HOST = "$(BUILT_PRODUCTS_DIR)/FranksZoo.app/FranksZoo";
			};
			name = Release;
		};
/* End XCBuildConfiguration section */

/* Begin XCConfigurationList section */
		5A43BD5A213A8A1D001B918E /* Build configuration list for PBXProject "FranksZoo" */ = {
			isa = XCConfigurationList;
			buildConfigurations = (
				5A43BD6F213A8A20001B918E /* Debug */,
				5A43BD70213A8A20001B918E /* Release */,
			);
			defaultConfigurationIsVisible = 0;
			defaultConfigurationName = Release;
		};
		5A43BD71213A8A20001B918E /* Build configuration list for PBXNativeTarget "FranksZoo" */ = {
			isa = XCConfigurationList;
			buildConfigurations = (
				5A43BD72213A8A20001B918E /* Debug */,
				5A43BD73213A8A20001B918E /* Release */,
			);
			defaultConfigurationIsVisible = 0;
			defaultConfigurationName = Release;
		};
		5A4D580E213BE12300F9C64E /* Build configuration list for PBXNativeTarget "FranksZooTests" */ = {
			isa = XCConfigurationList;
			buildConfigurations = (
				5A4D580C213BE12300F9C64E /* Debug */,
				5A4D580D213BE12300F9C64E /* Release */,
			);
			defaultConfigurationIsVisible = 0;
			defaultConfigurationName = Release;
		};
/* End XCConfigurationList section */
	};
	rootObject = 5A43BD57213A8A1D001B918E /* Project object */;
}
